
Microsoft Visual Studio Solution File, Format Version 12.00
# Visual Studio 15
VisualStudioVersion = 15.0.26403.7
MinimumVisualStudioVersion = 10.0.40219.1
Project("{FAE04EC0-301F-11D3-BF4B-00C04F79EFBC}") = "ViewWPF", "ViewWPF\ViewWPF.csproj", "{4A7BB7C4-A45B-4025-A6B7-0B30E9EAA5E6}"
EndProject
Project("{FAE04EC0-301F-11D3-BF4B-00C04F79EFBC}") = "Models", "Models\Models.csproj", "{F62574F9-104B-45B2-94FD-A71A31BF7461}"
EndProject
Project("{FAE04EC0-301F-11D3-BF4B-00C04F79EFBC}") = "Controllers", "Controllers\Controllers.csproj", "{0ED465E5-D9E3-4A1E-85B3-60EF10C726D2}"
EndProject
Global
	GlobalSection(SolutionConfigurationPlatforms) = preSolution
		Debug|Any CPU = Debug|Any CPU
		Release|Any CPU = Release|Any CPU
	EndGlobalSection
	GlobalSection(ProjectConfigurationPlatforms) = postSolution
		{4A7BB7C4-A45B-4025-A6B7-0B30E9EAA5E6}.Debug|Any CPU.ActiveCfg = Debug|Any CPU
		{4A7BB7C4-A45B-4025-A6B7-0B30E9EAA5E6}.Debug|Any CPU.Build.0 = Debug|Any CPU
		{4A7BB7C4-A45B-4025-A6B7-0B30E9EAA5E6}.Release|Any CPU.ActiveCfg = Release|Any CPU
		{4A7BB7C4-A45B-4025-A6B7-0B30E9EAA5E6}.Release|Any CPU.Build.0 = Release|Any CPU
		{F62574F9-104B-45B2-94FD-A71A31BF7461}.Debug|Any CPU.ActiveCfg = Debug|Any CPU
		{F62574F9-104B-45B2-94FD-A71A31BF7461}.Debug|Any CPU.Build.0 = Debug|Any CPU
		{F62574F9-104B-45B2-94FD-A71A31BF7461}.Release|Any CPU.ActiveCfg = Release|Any CPU
		{F62574F9-104B-45B2-94FD-A71A31BF7461}.Release|Any CPU.Build.0 = Release|Any CPU
		{0ED465E5-D9E3-4A1E-85B3-60EF10C726D2}.Debug|Any CPU.ActiveCfg = Debug|Any CPU
		{0ED465E5-D9E3-4A1E-85B3-60EF10C726D2}.Debug|Any CPU.Build.0 = Debug|Any CPU
		{0ED465E5-D9E3-4A1E-85B3-60EF10C726D2}.Release|Any CPU.ActiveCfg = Release|Any CPU
		{0ED465E5-D9E3-4A1E-85B3-60EF10C726D2}.Release|Any CPU.Build.0 = Release|Any CPU
	EndGlobalSection
	GlobalSection(SolutionProperties) = preSolution
		HideSolutionNode = FALSE
	EndGlobalSection
EndGlobal
